
Microsoft Visual Studio Solution File, Format Version 12.00
# Visual Studio Version 17
VisualStudioVersion = 17.7.34221.43
MinimumVisualStudioVersion = 10.0.40219.1
Project("{FAE04EC0-301F-11D3-BF4B-00C04F79EFBC}") = "WpfApp1", "WpfApp1.csproj", "{7EA2F45F-F0A7-4F22-92EE-7C4D589D4789}"
EndProject
Project("{FAE04EC0-301F-11D3-BF4B-00C04F79EFBC}") = "TService", "..\TService\TService.csproj", "{450573CA-EF26-42EC-B23C-2765A8227464}"
EndProject
Global
	GlobalSection(SolutionConfigurationPlatforms) = preSolution
		Debug|Any CPU = Debug|Any CPU
		Release|Any CPU = Release|Any CPU
	EndGlobalSection
	GlobalSection(ProjectConfigurationPlatforms) = postSolution
		{7EA2F45F-F0A7-4F22-92EE-7C4D589D4789}.Debug|Any CPU.ActiveCfg = Debug|Any CPU
		{7EA2F45F-F0A7-4F22-92EE-7C4D589D4789}.Debug|Any CPU.Build.0 = Debug|Any CPU
		{7EA2F45F-F0A7-4F22-92EE-7C4D589D4789}.Release|Any CPU.ActiveCfg = Release|Any CPU
		{7EA2F45F-F0A7-4F22-92EE-7C4D589D4789}.Release|Any CPU.Build.0 = Release|Any CPU
		{450573CA-EF26-42EC-B23C-2765A8227464}.Debug|Any CPU.ActiveCfg = Debug|Any CPU
		{450573CA-EF26-42EC-B23C-2765A8227464}.Debug|Any CPU.Build.0 = Debug|Any CPU
		{450573CA-EF26-42EC-B23C-2765A8227464}.Release|Any CPU.ActiveCfg = Release|Any CPU
		{450573CA-EF26-42EC-B23C-2765A8227464}.Release|Any CPU.Build.0 = Release|Any CPU
	EndGlobalSection
	GlobalSection(SolutionProperties) = preSolution
		HideSolutionNode = FALSE
	EndGlobalSection
	GlobalSection(ExtensibilityGlobals) = postSolution
		SolutionGuid = {1A530BAB-4C2C-46DB-AC80-91E7766C0C3F}
	EndGlobalSection
EndGlobal
